
Microsoft Visual Studio Solution File, Format Version 12.00
# Visual Studio Version 17
VisualStudioVersion = 17.9.34616.47
MinimumVisualStudioVersion = 10.0.40219.1
Project("{9A19103F-16F7-4668-BE54-9A1E7A4F7556}") = "FontFaceGenerator", "FontFaceGenerator.csproj", "{B79FD9F4-270C-4098-8239-651BC92236A0}"
EndProject
Project("{9A19103F-16F7-4668-BE54-9A1E7A4F7556}") = "FontFaceGenerator.Desktop", "..\FontFaceGenerator.Desktop\FontFaceGenerator.Desktop.csproj", "{AFD01DB2-6531-42AC-A71A-58F688A817B6}"
EndProject
Global
	GlobalSection(SolutionConfigurationPlatforms) = preSolution
		Debug|Any CPU = Debug|Any CPU
		Release|Any CPU = Release|Any CPU
	EndGlobalSection
	GlobalSection(ProjectConfigurationPlatforms) = postSolution
		{B79FD9F4-270C-4098-8239-651BC92236A0}.Debug|Any CPU.ActiveCfg = Debug|Any CPU
		{B79FD9F4-270C-4098-8239-651BC92236A0}.Debug|Any CPU.Build.0 = Debug|Any CPU
		{B79FD9F4-270C-4098-8239-651BC92236A0}.Release|Any CPU.ActiveCfg = Release|Any CPU
		{B79FD9F4-270C-4098-8239-651BC92236A0}.Release|Any CPU.Build.0 = Release|Any CPU
		{AFD01DB2-6531-42AC-A71A-58F688A817B6}.Debug|Any CPU.ActiveCfg = Debug|Any CPU
		{AFD01DB2-6531-42AC-A71A-58F688A817B6}.Debug|Any CPU.Build.0 = Debug|Any CPU
		{AFD01DB2-6531-42AC-A71A-58F688A817B6}.Release|Any CPU.ActiveCfg = Release|Any CPU
		{AFD01DB2-6531-42AC-A71A-58F688A817B6}.Release|Any CPU.Build.0 = Release|Any CPU
	EndGlobalSection
	GlobalSection(SolutionProperties) = preSolution
		HideSolutionNode = FALSE
	EndGlobalSection
	GlobalSection(ExtensibilityGlobals) = postSolution
		SolutionGuid = {2F91C894-CF79-481B-9FC4-D4A8FD3F648F}
	EndGlobalSection
EndGlobal
